
Microsoft Visual Studio Solution File, Format Version 12.00
# Visual Studio 2013
VisualStudioVersion = 12.0.30723.0
MinimumVisualStudioVersion = 10.0.40219.1
Project("{FAE04EC0-301F-11D3-BF4B-00C04F79EFBC}") = "ConsoleApplication1", "ConsoleApplication1\ConsoleApplication1.csproj", "{2E02D0C6-CFC1-4BA1-B77B-27862A39E808}"
EndProject
Project("{FAE04EC0-301F-11D3-BF4B-00C04F79EFBC}") = "entity", "entity\entity.csproj", "{3169D561-14C7-4EF3-9DBA-25C8E79053C7}"
EndProject
Project("{2150E333-8FDC-42A3-9474-1A3956D46DE8}") = ".nuget", ".nuget", "{54E5C6DC-1E32-4D9B-BA1E-A2F90016C0FA}"
	ProjectSection(SolutionItems) = preProject
		.nuget\NuGet.Config = .nuget\NuGet.Config
		.nuget\NuGet.exe = .nuget\NuGet.exe
		.nuget\NuGet.targets = .nuget\NuGet.targets
	EndProjectSection
EndProject
Global
	GlobalSection(SolutionConfigurationPlatforms) = preSolution
		Debug|Any CPU = Debug|Any CPU
		Release|Any CPU = Release|Any CPU
	EndGlobalSection
	GlobalSection(ProjectConfigurationPlatforms) = postSolution
		{2E02D0C6-CFC1-4BA1-B77B-27862A39E808}.Debug|Any CPU.ActiveCfg = Debug|Any CPU
		{2E02D0C6-CFC1-4BA1-B77B-27862A39E808}.Debug|Any CPU.Build.0 = Debug|Any CPU
		{2E02D0C6-CFC1-4BA1-B77B-27862A39E808}.Release|Any CPU.ActiveCfg = Release|Any CPU
		{2E02D0C6-CFC1-4BA1-B77B-27862A39E808}.Release|Any CPU.Build.0 = Release|Any CPU
		{3169D561-14C7-4EF3-9DBA-25C8E79053C7}.Debug|Any CPU.ActiveCfg = Debug|Any CPU
		{3169D561-14C7-4EF3-9DBA-25C8E79053C7}.Debug|Any CPU.Build.0 = Debug|Any CPU
		{3169D561-14C7-4EF3-9DBA-25C8E79053C7}.Release|Any CPU.ActiveCfg = Release|Any CPU
		{3169D561-14C7-4EF3-9DBA-25C8E79053C7}.Release|Any CPU.Build.0 = Release|Any CPU
	EndGlobalSection
	GlobalSection(SolutionProperties) = preSolution
		HideSolutionNode = FALSE
	EndGlobalSection
	GlobalSection(Performance) = preSolution
		HasPerformanceSessions = true
	EndGlobalSection
EndGlobal
